
Microsoft Visual Studio Solution File, Format Version 12.00
# Visual Studio Version 17
VisualStudioVersion = 17.14.37301.10 d17.14
MinimumVisualStudioVersion = 10.0.40219.1
Project("{FAE04EC0-301F-11D3-BF4B-00C04F79EFBC}") = "View", "View\View.csproj", "{07E6ACF1-01E3-4097-B816-0FC797A7ECA6}"
EndProject
Project("{FAE04EC0-301F-11D3-BF4B-00C04F79EFBC}") = "Model", "Model\Model.csproj", "{BC8552C0-EB4A-4EF8-87EF-C5CD28F04540}"
EndProject
Project("{FAE04EC0-301F-11D3-BF4B-00C04F79EFBC}") = "ViewModel", "ViewModel\ViewModel.csproj", "{2241C206-E2A7-458B-9D0E-F09D14EB414E}"
EndProject
Global
	GlobalSection(SolutionConfigurationPlatforms) = preSolution
		Debug|Any CPU = Debug|Any CPU
		Release|Any CPU = Release|Any CPU
	EndGlobalSection
	GlobalSection(ProjectConfigurationPlatforms) = postSolution
		{07E6ACF1-01E3-4097-B816-0FC797A7ECA6}.Debug|Any CPU.ActiveCfg = Debug|Any CPU
		{07E6ACF1-01E3-4097-B816-0FC797A7ECA6}.Debug|Any CPU.Build.0 = Debug|Any CPU
		{07E6ACF1-01E3-4097-B816-0FC797A7ECA6}.Release|Any CPU.ActiveCfg = Release|Any CPU
		{07E6ACF1-01E3-4097-B816-0FC797A7ECA6}.Release|Any CPU.Build.0 = Release|Any CPU
		{BC8552C0-EB4A-4EF8-87EF-C5CD28F04540}.Debug|Any CPU.ActiveCfg = Debug|Any CPU
		{BC8552C0-EB4A-4EF8-87EF-C5CD28F04540}.Debug|Any CPU.Build.0 = Debug|Any CPU
		{BC8552C0-EB4A-4EF8-87EF-C5CD28F04540}.Release|Any CPU.ActiveCfg = Release|Any CPU
		{BC8552C0-EB4A-4EF8-87EF-C5CD28F04540}.Release|Any CPU.Build.0 = Release|Any CPU
		{2241C206-E2A7-458B-9D0E-F09D14EB414E}.Debug|Any CPU.ActiveCfg = Debug|Any CPU
		{2241C206-E2A7-458B-9D0E-F09D14EB414E}.Debug|Any CPU.Build.0 = Debug|Any CPU
		{2241C206-E2A7-458B-9D0E-F09D14EB414E}.Release|Any CPU.ActiveCfg = Release|Any CPU
		{2241C206-E2A7-458B-9D0E-F09D14EB414E}.Release|Any CPU.Build.0 = Release|Any CPU
	EndGlobalSection
	GlobalSection(SolutionProperties) = preSolution
		HideSolutionNode = FALSE
	EndGlobalSection
	GlobalSection(ExtensibilityGlobals) = postSolution
		SolutionGuid = {EE0C467F-6387-46FE-9FA9-720AE220250F}
	EndGlobalSection
EndGlobal
